
Microsoft Visual Studio Solution File, Format Version 12.00
# Visual Studio Version 16
VisualStudioVersion = 16.0.30225.117
MinimumVisualStudioVersion = 10.0.40219.1
Project("{FAE04EC0-301F-11D3-BF4B-00C04F79EFBC}") = "BookStoreService", "BookStoreService\BookStoreService.csproj", "{2164ECD0-402D-4B9A-A07E-C7F93046157B}"
EndProject
Project("{FAE04EC0-301F-11D3-BF4B-00C04F79EFBC}") = "BookStoreHost", "BookStoreHost\BookStoreHost.csproj", "{BA8AD0D8-903D-470A-874A-3A99904F538A}"
EndProject
Project("{FAE04EC0-301F-11D3-BF4B-00C04F79EFBC}") = "BookStoreClient", "BookStoreClient\BookStoreClient.csproj", "{39F3E35B-1F3A-4DB9-96CE-2B225867BF9A}"
	ProjectSection(ProjectDependencies) = postProject
		{2164ECD0-402D-4B9A-A07E-C7F93046157B} = {2164ECD0-402D-4B9A-A07E-C7F93046157B}
	EndProjectSection
EndProject
Global
	GlobalSection(SolutionConfigurationPlatforms) = preSolution
		Debug|Any CPU = Debug|Any CPU
		Release|Any CPU = Release|Any CPU
	EndGlobalSection
	GlobalSection(ProjectConfigurationPlatforms) = postSolution
		{2164ECD0-402D-4B9A-A07E-C7F93046157B}.Debug|Any CPU.ActiveCfg = Debug|Any CPU
		{2164ECD0-402D-4B9A-A07E-C7F93046157B}.Debug|Any CPU.Build.0 = Debug|Any CPU
		{2164ECD0-402D-4B9A-A07E-C7F93046157B}.Release|Any CPU.ActiveCfg = Release|Any CPU
		{2164ECD0-402D-4B9A-A07E-C7F93046157B}.Release|Any CPU.Build.0 = Release|Any CPU
		{BA8AD0D8-903D-470A-874A-3A99904F538A}.Debug|Any CPU.ActiveCfg = Debug|Any CPU
		{BA8AD0D8-903D-470A-874A-3A99904F538A}.Debug|Any CPU.Build.0 = Debug|Any CPU
		{BA8AD0D8-903D-470A-874A-3A99904F538A}.Release|Any CPU.ActiveCfg = Release|Any CPU
		{BA8AD0D8-903D-470A-874A-3A99904F538A}.Release|Any CPU.Build.0 = Release|Any CPU
		{39F3E35B-1F3A-4DB9-96CE-2B225867BF9A}.Debug|Any CPU.ActiveCfg = Debug|Any CPU
		{39F3E35B-1F3A-4DB9-96CE-2B225867BF9A}.Debug|Any CPU.Build.0 = Debug|Any CPU
		{39F3E35B-1F3A-4DB9-96CE-2B225867BF9A}.Release|Any CPU.ActiveCfg = Release|Any CPU
		{39F3E35B-1F3A-4DB9-96CE-2B225867BF9A}.Release|Any CPU.Build.0 = Release|Any CPU
	EndGlobalSection
	GlobalSection(SolutionProperties) = preSolution
		HideSolutionNode = FALSE
	EndGlobalSection
	GlobalSection(ExtensibilityGlobals) = postSolution
		SolutionGuid = {406678A0-5E68-4ED7-8A41-598B78993AFA}
	EndGlobalSection
EndGlobal
